
Microsoft Visual Studio Solution File, Format Version 12.00
# Visual Studio Version 17
VisualStudioVersion = 17.13.35919.96 d17.13
MinimumVisualStudioVersion = 10.0.40219.1
Project("{FAE04EC0-301F-11D3-BF4B-00C04F79EFBC}") = "DynamicUniform", "DynamicUniform\DynamicUniform.csproj", "{E98883C8-025E-4D7F-8288-9F41744F9ABD}"
EndProject
Global
	GlobalSection(SolutionConfigurationPlatforms) = preSolution
		Debug|Any CPU = Debug|Any CPU
		Release|Any CPU = Release|Any CPU
	EndGlobalSection
	GlobalSection(ProjectConfigurationPlatforms) = postSolution
		{E98883C8-025E-4D7F-8288-9F41744F9ABD}.Debug|Any CPU.ActiveCfg = Debug|Any CPU
		{E98883C8-025E-4D7F-8288-9F41744F9ABD}.Debug|Any CPU.Build.0 = Debug|Any CPU
		{E98883C8-025E-4D7F-8288-9F41744F9ABD}.Release|Any CPU.ActiveCfg = Release|Any CPU
		{E98883C8-025E-4D7F-8288-9F41744F9ABD}.Release|Any CPU.Build.0 = Release|Any CPU
	EndGlobalSection
	GlobalSection(SolutionProperties) = preSolution
		HideSolutionNode = FALSE
	EndGlobalSection
	GlobalSection(ExtensibilityGlobals) = postSolution
		SolutionGuid = {0A7CE733-4D62-4710-9CB1-21B3670D51DA}
	EndGlobalSection
EndGlobal
